
Microsoft Visual Studio Solution File, Format Version 12.00
# Visual Studio Version 17
VisualStudioVersion = 17.9.34622.214
MinimumVisualStudioVersion = 10.0.40219.1
Project("{9A19103F-16F7-4668-BE54-9A1E7A4F7556}") = "Words", "Words\Words.csproj", "{4B12FB1D-3014-4DBC-89BC-E44F800225D6}"
EndProject
Project("{9A19103F-16F7-4668-BE54-9A1E7A4F7556}") = "Words.Tests", "Words.Tests\Words.Tests.csproj", "{041C7F67-F8EA-48BC-9954-0A30CB19B3D0}"
EndProject
Project("{FAE04EC0-301F-11D3-BF4B-00C04F79EFBC}") = "Words.Web", "Words.Web\Words.Web.csproj", "{7D4712A8-B457-4964-BD8C-DD1992A6DD32}"
EndProject
Project("{F2A71F9B-5D33-465A-A702-920D77279786}") = "Words.Transformer", "Words.Transformer\Words.Transformer.fsproj", "{F41D9464-557F-4EE1-9C56-02DA7298B336}"
EndProject
Global
	GlobalSection(SolutionConfigurationPlatforms) = preSolution
		Debug|Any CPU = Debug|Any CPU
		Release|Any CPU = Release|Any CPU
	EndGlobalSection
	GlobalSection(ProjectConfigurationPlatforms) = postSolution
		{4B12FB1D-3014-4DBC-89BC-E44F800225D6}.Debug|Any CPU.ActiveCfg = Debug|Any CPU
		{4B12FB1D-3014-4DBC-89BC-E44F800225D6}.Debug|Any CPU.Build.0 = Debug|Any CPU
		{4B12FB1D-3014-4DBC-89BC-E44F800225D6}.Release|Any CPU.ActiveCfg = Release|Any CPU
		{4B12FB1D-3014-4DBC-89BC-E44F800225D6}.Release|Any CPU.Build.0 = Release|Any CPU
		{041C7F67-F8EA-48BC-9954-0A30CB19B3D0}.Debug|Any CPU.ActiveCfg = Debug|Any CPU
		{041C7F67-F8EA-48BC-9954-0A30CB19B3D0}.Debug|Any CPU.Build.0 = Debug|Any CPU
		{041C7F67-F8EA-48BC-9954-0A30CB19B3D0}.Release|Any CPU.ActiveCfg = Release|Any CPU
		{041C7F67-F8EA-48BC-9954-0A30CB19B3D0}.Release|Any CPU.Build.0 = Release|Any CPU
		{7D4712A8-B457-4964-BD8C-DD1992A6DD32}.Debug|Any CPU.ActiveCfg = Debug|Any CPU
		{7D4712A8-B457-4964-BD8C-DD1992A6DD32}.Debug|Any CPU.Build.0 = Debug|Any CPU
		{7D4712A8-B457-4964-BD8C-DD1992A6DD32}.Release|Any CPU.ActiveCfg = Release|Any CPU
		{7D4712A8-B457-4964-BD8C-DD1992A6DD32}.Release|Any CPU.Build.0 = Release|Any CPU
		{F41D9464-557F-4EE1-9C56-02DA7298B336}.Debug|Any CPU.ActiveCfg = Debug|Any CPU
		{F41D9464-557F-4EE1-9C56-02DA7298B336}.Debug|Any CPU.Build.0 = Debug|Any CPU
		{F41D9464-557F-4EE1-9C56-02DA7298B336}.Release|Any CPU.ActiveCfg = Release|Any CPU
		{F41D9464-557F-4EE1-9C56-02DA7298B336}.Release|Any CPU.Build.0 = Release|Any CPU
	EndGlobalSection
	GlobalSection(SolutionProperties) = preSolution
		HideSolutionNode = FALSE
	EndGlobalSection
	GlobalSection(ExtensibilityGlobals) = postSolution
		SolutionGuid = {30993CB3-EA1D-4C44-9EBF-D5D7E0C67F1D}
	EndGlobalSection
EndGlobal
